# THIS IS AN AUTOGENERATED FILE. DO NOT EDIT THIS FILE DIRECTLY.
# yarn lockfile v1


"@formatjs/ecma402-abstract@1.6.4":
  version "1.6.4"
  resolved "https://registry.yarnpkg.com/@formatjs/ecma402-abstract/-/ecma402-abstract-1.6.4.tgz#cff5ef03837fb6bae70b16d04940213c17e87884"
  integrity sha512-ukFjGD9dLsxcD9D5AEshJqQElPQeUAlTALT/lzIV6OcYojyuU81gw/uXDUOrs6XW79jtOJwQDkLqHbCJBJMOTw==
  dependencies:
    tslib "^2.1.0"

"@formatjs/ecma402-abstract@1.9.3":
  version "1.9.3"
  resolved "https://registry.yarnpkg.com/@formatjs/ecma402-abstract/-/ecma402-abstract-1.9.3.tgz#00892014c805935b5b1345d238246e9bf3a2de50"
  integrity sha512-DBrRUL65m4SVtfq+T4Qltd8+upAzfb9K1MX0UZ0hqQ0wpBY0PSIti9XJe0ZQ/j2v/KxpwQ0Jw5NLumKVezJFQg==
  dependencies:
    tslib "^2.1.0"

"@formatjs/fast-memoize@1.1.1":
  version "1.1.1"
  resolved "https://registry.yarnpkg.com/@formatjs/fast-memoize/-/fast-memoize-1.1.1.tgz#3006b58aca1e39a98aca213356b42da5d173f26b"
  integrity sha512-mIqBr5uigIlx13eZTOPSEh2buDiy3BCdMYUtewICREQjbb4xarDiVWoXSnrERM7NanZ+0TAHNXSqDe6HpEFQUg==

"@formatjs/icu-messageformat-parser@2.0.6":
  version "2.0.6"
  resolved "https://registry.yarnpkg.com/@formatjs/icu-messageformat-parser/-/icu-messageformat-parser-2.0.6.tgz#7471c2116982f07b3d9b80e4572a870f20adbaf6"
  integrity sha512-dgOZ2kq3sbjjC4P0IIghXFUiGY+x9yyypBJF9YFACjw8gPq/OSPmOzdMGvjY9hl4EeeIhhsDd4LIAN/3zHG99A==
  dependencies:
    "@formatjs/ecma402-abstract" "1.9.3"
    "@formatjs/icu-skeleton-parser" "1.2.7"
    tslib "^2.1.0"

"@formatjs/icu-skeleton-parser@1.2.7":
  version "1.2.7"
  resolved "https://registry.yarnpkg.com/@formatjs/icu-skeleton-parser/-/icu-skeleton-parser-1.2.7.tgz#a74954695c37470efdeff828799654088e567c34"
  integrity sha512-xm1rJMOz4fwVfWH98VKtbTpZvyQ45plHilkCF16Nm6bAgosYC/IcMmgJisGr6uHqb5TvJRXE07+EvnkIIQjsdA==
  dependencies:
    "@formatjs/ecma402-abstract" "1.9.3"
    tslib "^2.1.0"

"@project/core@link:../core":
  version "0.0.0"
  uid ""

"@project/presentation@link:../presentation":
  version "0.0.0"
  uid ""

"@trustedshops/etrusted-aaa-library-core@^3.0.0-4":
  version "3.0.0-4"
  resolved "https://npm.pkg.github.com/download/@trustedshops/etrusted-aaa-library-core/3.0.0-4/149fa3fc769bb7000a8bc4c5bcfd3a2a75d33f53fb25eda297a6d0adec4f2064#62835420c83b4369731c978bc7d084325dcb1a1c"
  integrity sha512-o5sXsGXaOqikYf4vu6J3OAvaE/16VTHmwhDK5vxcB8txMOKXGGL0uwZfQe7LRFDTGZFNu5s1GrVddGeleihTuw==

"@trustedshops/etrusted-aaa-library-localization@^0.1.0":
  version "0.1.4"
  resolved "https://npm.pkg.github.com/download/@trustedshops/etrusted-aaa-library-localization/0.1.4/c9ffaf068fbee3059ea99e4850e3cbda96dc136681718f64412f67a5fdf56ec4#2db96fcf85376ec0f86d1df952249dc9b5029f2c"
  integrity sha512-LpRd0LIvTsgVxx/FNjBnvrW0PoIGbPiu5A8N4NGaxfFU1KkUilaeOlGBpjKpyclUNT9v3T2kelurp02yCgK+8A==
  dependencies:
    "@trustedshops/etrusted-aaa-library-core" "^3.0.0-4"
    "@trustedshops/etrusted-aaa-library-logging" "^1.0.4"
    flat "^5.0.2"
    intl-messageformat "^9.6.11"
    intl-messageformat-parser "^6.4.4"
    rxjs "^7.1.0"
    typescript-optional "^2.0.1"

"@trustedshops/etrusted-aaa-library-logging@^1.0.4":
  version "1.3.0"
  resolved "https://npm.pkg.github.com/download/@trustedshops/etrusted-aaa-library-logging/1.3.0/9895720ab92fc8539c21ef5dcf3676ce67b1241634118a86be84bad4918082f2#12cbf1faf1d38ed1fa96fe9b65ae0ccf9044421c"
  integrity sha512-/7m3xIL9NIPGq/dJ9jfz6agunm5yS5okS0h402goDyTY7JXmiv3chCkVln9VYNs6e5lj465svMAvNNww6m5cpQ==

"@trustedshops/etrusted-widget-library-utils@^3.0.0-0":
  version "3.0.0-0"
  resolved "https://npm.pkg.github.com/download/@trustedshops/etrusted-widget-library-utils/3.0.0-0/01e845ae7f71b1192434ddc7e36db00a849bdce73a6c8c23b903850f28e3eb8c#5109567d0c48b0246aa9f90a5ee1153457f40333"
  integrity sha512-GBRFmO7zq8DyP6DnVy4Bq1Ex/D2WqktWtebCOIEO0QICaH5Q3K9rag2CvJ+IQZNPPo8CchoXuT37f3IPYpkMwg==
  dependencies:
    "@trustedshops/etrusted-aaa-library-logging" "^1.0.4"

"@tsconfig/node10@^1.0.7":
  version "1.0.8"
  resolved "https://registry.yarnpkg.com/@tsconfig/node10/-/node10-1.0.8.tgz#c1e4e80d6f964fbecb3359c43bd48b40f7cadad9"
  integrity sha512-6XFfSQmMgq0CFLY1MslA/CPUfhIL919M1rMsa5lP2P097N2Wd1sSX0tx1u4olM16fLNhtHZpRhedZJphNJqmZg==

"@tsconfig/node12@^1.0.7":
  version "1.0.8"
  resolved "https://registry.yarnpkg.com/@tsconfig/node12/-/node12-1.0.8.tgz#a883d62f049a64fea1e56a6bbe66828d11c6241b"
  integrity sha512-LM6XwBhjZRls1qJGpiM/It09SntEwe9M0riXRfQ9s6XlJQG0JPGl92ET18LtGeYh/GuOtafIXqwZeqLOd0FNFQ==

"@tsconfig/node14@^1.0.0":
  version "1.0.1"
  resolved "https://registry.yarnpkg.com/@tsconfig/node14/-/node14-1.0.1.tgz#95f2d167ffb9b8d2068b0b235302fafd4df711f2"
  integrity sha512-509r2+yARFfHHE7T6Puu2jjkoycftovhXRqW328PDXTVGKihlb1P8Z9mMZH04ebyajfRY7dedfGynlrFHJUQCg==

"@tsconfig/node16@^1.0.1":
  version "1.0.1"
  resolved "https://registry.yarnpkg.com/@tsconfig/node16/-/node16-1.0.1.tgz#a6ca6a9a0ff366af433f42f5f0e124794ff6b8f1"
  integrity sha512-FTgBI767POY/lKNDNbIzgAX6miIDBs6NTCbdlDb8TrWovHsSvaVIZDlTqym29C6UqhzwcJx4CYr+AlrMywA0cA==

"@types/node@^15.12.2":
  version "15.12.2"
  resolved "https://registry.yarnpkg.com/@types/node/-/node-15.12.2.tgz#1f2b42c4be7156ff4a6f914b2fb03d05fa84e38d"
  integrity sha512-zjQ69G564OCIWIOHSXyQEEDpdpGl+G348RAKY0XXy9Z5kU9Vzv1GMNnkar/ZJ8dzXB3COzD9Mo9NtRZ4xfgUww==

arg@^4.1.0:
  version "4.1.3"
  resolved "https://registry.yarnpkg.com/arg/-/arg-4.1.3.tgz#269fc7ad5b8e42cb63c896d5666017261c144089"
  integrity sha512-58S9QDqG0Xx27YwPSt9fJxivjYl432YCwfDMfZ+71RAqUrZef7LrKQZ3LHLOwCS4FLNBplP533Zx895SeOCHvA==

buffer-from@^1.0.0:
  version "1.1.1"
  resolved "https://registry.yarnpkg.com/buffer-from/-/buffer-from-1.1.1.tgz#32713bc028f75c02fdb710d7c7bcec1f2c6070ef"
  integrity sha512-MQcXEUbCKtEo7bhqEs6560Hyd4XaovZlO/k9V3hjVUF/zwW7KBVdSK4gIt/bzwS9MbR5qob+F5jusZsb0YQK2A==

create-require@^1.1.0:
  version "1.1.1"
  resolved "https://registry.yarnpkg.com/create-require/-/create-require-1.1.1.tgz#c1d7e8f1e5f6cfc9ff65f9cd352d37348756c333"
  integrity sha512-dcKFX3jn0MpIaXjisoRvexIJVEKzaq7z2rZKxf+MSr9TkdmHmsU4m2lcLojrj/FHl8mk5VxMmYA+ftRkP/3oKQ==

diff@^4.0.1:
  version "4.0.2"
  resolved "https://registry.yarnpkg.com/diff/-/diff-4.0.2.tgz#60f3aecb89d5fae520c11aa19efc2bb982aade7d"
  integrity sha512-58lmxKSA4BNyLz+HHMUzlOEpg09FV+ev6ZMe3vJihgdxzgcwZ8VoEEPmALCZG9LmqfVoNMMKpttIYTVG6uDY7A==

flat@^5.0.2:
  version "5.0.2"
  resolved "https://registry.yarnpkg.com/flat/-/flat-5.0.2.tgz#8ca6fe332069ffa9d324c327198c598259ceb241"
  integrity sha512-b6suED+5/3rTpUBdG1gupIl8MPFCAMA0QXwmljLhvCUKcUvdE4gWky9zpuGCcXHOsz4J9wPGNWq6OKpmIzz3hQ==

intl-messageformat-parser@^6.4.4:
  version "6.4.4"
  resolved "https://registry.yarnpkg.com/intl-messageformat-parser/-/intl-messageformat-parser-6.4.4.tgz#abbd94e96dc4ff41607376bfab024553450cc1e0"
  integrity sha512-7AaFKNZEfzLQR6+jivOuz9e7yA8ka5KrmLebgY4QHTRLf8r64dp3LjnW98LkBWjdk8GK0sawD2dHDqW++A/pXA==
  dependencies:
    "@formatjs/ecma402-abstract" "1.6.4"
    tslib "^2.1.0"

intl-messageformat@^9.6.11:
  version "9.6.18"
  resolved "https://registry.yarnpkg.com/intl-messageformat/-/intl-messageformat-9.6.18.tgz#785cc0c44a1a288fbbda63308907c3eab4eebe9f"
  integrity sha512-phG2EtMS/J6C4pcbErPkTSoqJ+T6qNfPVWTv5cDnI/nuCDKRUHPLDp4QpMdxIWPSUYPj7Lq69vMEIqg91x+H1Q==
  dependencies:
    "@formatjs/fast-memoize" "1.1.1"
    "@formatjs/icu-messageformat-parser" "2.0.6"
    tslib "^2.1.0"

make-error@^1.1.1:
  version "1.3.6"
  resolved "https://registry.yarnpkg.com/make-error/-/make-error-1.3.6.tgz#2eb2e37ea9b67c4891f684a1394799af484cf7a2"
  integrity sha512-s8UhlNe7vPKomQhC1qFelMokr/Sc3AgNbso3n74mVPA5LTZwkB9NlXf4XPamLxJE8h0gh73rM94xvwRT2CVInw==

rxjs@^7.1.0:
  version "7.1.0"
  resolved "https://registry.yarnpkg.com/rxjs/-/rxjs-7.1.0.tgz#94202d27b19305ef7b1a4f330277b2065df7039e"
  integrity sha512-gCFO5iHIbRPwznl6hAYuwNFld8W4S2shtSJIqG27ReWXo9IWrCyEICxUA+6vJHwSR/OakoenC4QsDxq50tzYmw==
  dependencies:
    tslib "~2.1.0"

source-map-support@^0.5.17:
  version "0.5.19"
  resolved "https://registry.yarnpkg.com/source-map-support/-/source-map-support-0.5.19.tgz#a98b62f86dcaf4f67399648c085291ab9e8fed61"
  integrity sha512-Wonm7zOCIJzBGQdB+thsPar0kYuCIzYvxZwlBa87yi/Mdjv7Tip2cyVbLj5o0cFPN4EVkuTwb3GDDyUx2DGnGw==
  dependencies:
    buffer-from "^1.0.0"
    source-map "^0.6.0"

source-map@^0.6.0:
  version "0.6.1"
  resolved "https://registry.yarnpkg.com/source-map/-/source-map-0.6.1.tgz#74722af32e9614e9c287a8d0bbde48b5e2f1a263"
  integrity sha512-UjgapumWlbMhkBgzT7Ykc5YXUT46F0iKu8SGXq0bcwP5dz/h0Plj6enJqjz1Zbq2l5WaqYnrVbwWOWMyF3F47g==

ts-node@^10.0.0:
  version "10.0.0"
  resolved "https://registry.yarnpkg.com/ts-node/-/ts-node-10.0.0.tgz#05f10b9a716b0b624129ad44f0ea05dac84ba3be"
  integrity sha512-ROWeOIUvfFbPZkoDis0L/55Fk+6gFQNZwwKPLinacRl6tsxstTF1DbAcLKkovwnpKMVvOMHP1TIbnwXwtLg1gg==
  dependencies:
    "@tsconfig/node10" "^1.0.7"
    "@tsconfig/node12" "^1.0.7"
    "@tsconfig/node14" "^1.0.0"
    "@tsconfig/node16" "^1.0.1"
    arg "^4.1.0"
    create-require "^1.1.0"
    diff "^4.0.1"
    make-error "^1.1.1"
    source-map-support "^0.5.17"
    yn "3.1.1"

tslib@^2.1.0:
  version "2.3.0"
  resolved "https://registry.yarnpkg.com/tslib/-/tslib-2.3.0.tgz#803b8cdab3e12ba581a4ca41c8839bbb0dacb09e"
  integrity sha512-N82ooyxVNm6h1riLCoyS9e3fuJ3AMG2zIZs2Gd1ATcSFjSA23Q0fzjjZeh0jbJvWVDZ0cJT8yaNNaaXHzueNjg==

tslib@~2.1.0:
  version "2.1.0"
  resolved "https://registry.yarnpkg.com/tslib/-/tslib-2.1.0.tgz#da60860f1c2ecaa5703ab7d39bc05b6bf988b97a"
  integrity sha512-hcVC3wYEziELGGmEEXue7D75zbwIIVUMWAVbHItGPx0ziyXxrOMQx4rQEVEV45Ut/1IotuEvwqPopzIOkDMf0A==

typescript-optional@^2.0.1:
  version "2.0.1"
  resolved "https://registry.yarnpkg.com/typescript-optional/-/typescript-optional-2.0.1.tgz#1dd4826bd751f78756e7eb3f96a16fbbeb3f7ee6"
  integrity sha512-xuwmqsCjE4OeeMKxbNX3jjNcISGzYh5Q9R1rM5OyxEVNIr94CB5llCkfKW+1nZTKbbUV0axN3QAUuX2fus/DhQ==

typescript@^4.3.2:
  version "4.3.2"
  resolved "https://registry.yarnpkg.com/typescript/-/typescript-4.3.2.tgz#399ab18aac45802d6f2498de5054fcbbe716a805"
  integrity sha512-zZ4hShnmnoVnAHpVHWpTcxdv7dWP60S2FsydQLV8V5PbS3FifjWFFRiHSWpDJahly88PRyV5teTSLoq4eG7mKw==

yn@3.1.1:
  version "3.1.1"
  resolved "https://registry.yarnpkg.com/yn/-/yn-3.1.1.tgz#1e87401a09d767c1d5eab26a6e4c185182d2eb50"
  integrity sha512-Ux4ygGWsu2c7isFWe8Yu1YluJmqVhxqK2cLXNQA5AcC3QfbGNpM7fu0Y8b/z16pXLnFxZYvWhd3fhBY9DLmC6Q==
